
Microsoft Visual Studio Solution File, Format Version 12.00
# Visual Studio Version 17
VisualStudioVersion = 17.0.31903.59
MinimumVisualStudioVersion = 10.0.40219.1
Project("{9A19103F-16F7-4668-BE54-9A1E7A4F7556}") = "Playwright.PageObjectModel", "Playwright.PageObjectModel\Playwright.PageObjectModel.csproj", "{E0779916-CAD3-44A7-93AD-ED8283B119A2}"
EndProject
Project("{9A19103F-16F7-4668-BE54-9A1E7A4F7556}") = "Playwright.PageObjectModel.Tests", "Playwright.PageObjectModel.Tests\Playwright.PageObjectModel.Tests.csproj", "{5446C8B3-1E92-4F70-84B8-A1C7EFED1A0B}"
EndProject
Project("{2150E333-8FDC-42A3-9474-1A3956D46DE8}") = "TestRunParallelTests", "TestRunParallelTests", "{144B66DF-B45E-4216-8073-95405039FF05}"
EndProject
Project("{9A19103F-16F7-4668-BE54-9A1E7A4F7556}") = "TestParallel.PlaywrightAsyncMSTest", "TestParallelTests\TestParallel.PlaywrightAsyncMSTest\TestParallel.PlaywrightAsyncMSTest.csproj", "{24FCA9D2-B6BB-474A-A001-A8F58CB4B0CD}"
EndProject
Project("{9A19103F-16F7-4668-BE54-9A1E7A4F7556}") = "TestParallel.PlaywrightAsyncNUnit", "TestParallelTests\TestParallel.PlaywrightAsyncNUnit\TestParallel.PlaywrightAsyncNUnit.csproj", "{DC6BBF2F-0C1D-47EB-BDB1-B6784EB50796}"
EndProject
Project("{9A19103F-16F7-4668-BE54-9A1E7A4F7556}") = "TestParallel.PlaywrightSyncMSTest", "TestParallelTests\TestParallel.PlaywrightSyncMSTest\TestParallel.PlaywrightSyncMSTest.csproj", "{C7EA10DB-8C91-448E-9073-6CD30668D791}"
EndProject
Project("{9A19103F-16F7-4668-BE54-9A1E7A4F7556}") = "TestParallel.PlaywrightSyncNUnit", "TestParallelTests\TestParallel.PlaywrightSyncNUnit\TestParallel.PlaywrightSyncNUnit.csproj", "{C17FB1AC-4CA5-4766-8D46-E01E86ECBBCC}"
EndProject
Project("{9A19103F-16F7-4668-BE54-9A1E7A4F7556}") = "TestParallel.ActionExtensions", "TestParallelTests\TestParallel.ActionExtensions\TestParallel.ActionExtensions.csproj", "{F53E593A-17CD-4962-88F5-3C8D57991815}"
EndProject
Project("{9A19103F-16F7-4668-BE54-9A1E7A4F7556}") = "TestParallel.MSTestExtensions", "TestParallelTests\TestParallel.MSTestExtensions\TestParallel.MSTestExtensions.csproj", "{7E086DD6-1B61-4C5F-BC7F-4F576F4812DB}"
EndProject
Project("{9A19103F-16F7-4668-BE54-9A1E7A4F7556}") = "TestParallel.NUnitExtensions", "TestParallelTests\TestParallel.NUnitExtensions\TestParallel.NUnitExtensions.csproj", "{9DE2FDFD-DC34-4F1A-A764-9DF2B9A8953C}"
EndProject
Project("{FAE04EC0-301F-11D3-BF4B-00C04F79EFBC}") = "Playwright.PageObjectModel.Samples", "Playwright.PageObjectModel.Samples\Playwright.PageObjectModel.Samples.csproj", "{586F36DC-3F9C-418E-A5F5-08BD8D9AD04E}"
EndProject
Global
	GlobalSection(SolutionConfigurationPlatforms) = preSolution
		Debug|Any CPU = Debug|Any CPU
		Release|Any CPU = Release|Any CPU
	EndGlobalSection
	GlobalSection(ProjectConfigurationPlatforms) = postSolution
		{E0779916-CAD3-44A7-93AD-ED8283B119A2}.Debug|Any CPU.ActiveCfg = Debug|Any CPU
		{E0779916-CAD3-44A7-93AD-ED8283B119A2}.Debug|Any CPU.Build.0 = Debug|Any CPU
		{E0779916-CAD3-44A7-93AD-ED8283B119A2}.Release|Any CPU.ActiveCfg = Release|Any CPU
		{E0779916-CAD3-44A7-93AD-ED8283B119A2}.Release|Any CPU.Build.0 = Release|Any CPU
		{5446C8B3-1E92-4F70-84B8-A1C7EFED1A0B}.Debug|Any CPU.ActiveCfg = Debug|Any CPU
		{5446C8B3-1E92-4F70-84B8-A1C7EFED1A0B}.Debug|Any CPU.Build.0 = Debug|Any CPU
		{5446C8B3-1E92-4F70-84B8-A1C7EFED1A0B}.Release|Any CPU.ActiveCfg = Release|Any CPU
		{5446C8B3-1E92-4F70-84B8-A1C7EFED1A0B}.Release|Any CPU.Build.0 = Release|Any CPU
		{24FCA9D2-B6BB-474A-A001-A8F58CB4B0CD}.Debug|Any CPU.ActiveCfg = Debug|Any CPU
		{24FCA9D2-B6BB-474A-A001-A8F58CB4B0CD}.Debug|Any CPU.Build.0 = Debug|Any CPU
		{24FCA9D2-B6BB-474A-A001-A8F58CB4B0CD}.Release|Any CPU.ActiveCfg = Release|Any CPU
		{24FCA9D2-B6BB-474A-A001-A8F58CB4B0CD}.Release|Any CPU.Build.0 = Release|Any CPU
		{DC6BBF2F-0C1D-47EB-BDB1-B6784EB50796}.Debug|Any CPU.ActiveCfg = Debug|Any CPU
		{DC6BBF2F-0C1D-47EB-BDB1-B6784EB50796}.Debug|Any CPU.Build.0 = Debug|Any CPU
		{DC6BBF2F-0C1D-47EB-BDB1-B6784EB50796}.Release|Any CPU.ActiveCfg = Release|Any CPU
		{DC6BBF2F-0C1D-47EB-BDB1-B6784EB50796}.Release|Any CPU.Build.0 = Release|Any CPU
		{C7EA10DB-8C91-448E-9073-6CD30668D791}.Debug|Any CPU.ActiveCfg = Debug|Any CPU
		{C7EA10DB-8C91-448E-9073-6CD30668D791}.Debug|Any CPU.Build.0 = Debug|Any CPU
		{C7EA10DB-8C91-448E-9073-6CD30668D791}.Release|Any CPU.ActiveCfg = Release|Any CPU
		{C7EA10DB-8C91-448E-9073-6CD30668D791}.Release|Any CPU.Build.0 = Release|Any CPU
		{C17FB1AC-4CA5-4766-8D46-E01E86ECBBCC}.Debug|Any CPU.ActiveCfg = Debug|Any CPU
		{C17FB1AC-4CA5-4766-8D46-E01E86ECBBCC}.Debug|Any CPU.Build.0 = Debug|Any CPU
		{C17FB1AC-4CA5-4766-8D46-E01E86ECBBCC}.Release|Any CPU.ActiveCfg = Release|Any CPU
		{C17FB1AC-4CA5-4766-8D46-E01E86ECBBCC}.Release|Any CPU.Build.0 = Release|Any CPU
		{F53E593A-17CD-4962-88F5-3C8D57991815}.Debug|Any CPU.ActiveCfg = Debug|Any CPU
		{F53E593A-17CD-4962-88F5-3C8D57991815}.Debug|Any CPU.Build.0 = Debug|Any CPU
		{F53E593A-17CD-4962-88F5-3C8D57991815}.Release|Any CPU.ActiveCfg = Release|Any CPU
		{F53E593A-17CD-4962-88F5-3C8D57991815}.Release|Any CPU.Build.0 = Release|Any CPU
		{7E086DD6-1B61-4C5F-BC7F-4F576F4812DB}.Debug|Any CPU.ActiveCfg = Debug|Any CPU
		{7E086DD6-1B61-4C5F-BC7F-4F576F4812DB}.Debug|Any CPU.Build.0 = Debug|Any CPU
		{7E086DD6-1B61-4C5F-BC7F-4F576F4812DB}.Release|Any CPU.ActiveCfg = Release|Any CPU
		{7E086DD6-1B61-4C5F-BC7F-4F576F4812DB}.Release|Any CPU.Build.0 = Release|Any CPU
		{9DE2FDFD-DC34-4F1A-A764-9DF2B9A8953C}.Debug|Any CPU.ActiveCfg = Debug|Any CPU
		{9DE2FDFD-DC34-4F1A-A764-9DF2B9A8953C}.Debug|Any CPU.Build.0 = Debug|Any CPU
		{9DE2FDFD-DC34-4F1A-A764-9DF2B9A8953C}.Release|Any CPU.ActiveCfg = Release|Any CPU
		{9DE2FDFD-DC34-4F1A-A764-9DF2B9A8953C}.Release|Any CPU.Build.0 = Release|Any CPU
		{586F36DC-3F9C-418E-A5F5-08BD8D9AD04E}.Debug|Any CPU.ActiveCfg = Debug|Any CPU
		{586F36DC-3F9C-418E-A5F5-08BD8D9AD04E}.Debug|Any CPU.Build.0 = Debug|Any CPU
		{586F36DC-3F9C-418E-A5F5-08BD8D9AD04E}.Release|Any CPU.ActiveCfg = Release|Any CPU
		{586F36DC-3F9C-418E-A5F5-08BD8D9AD04E}.Release|Any CPU.Build.0 = Release|Any CPU
	EndGlobalSection
	GlobalSection(SolutionProperties) = preSolution
		HideSolutionNode = FALSE
	EndGlobalSection
	GlobalSection(NestedProjects) = preSolution
		{24FCA9D2-B6BB-474A-A001-A8F58CB4B0CD} = {144B66DF-B45E-4216-8073-95405039FF05}
		{DC6BBF2F-0C1D-47EB-BDB1-B6784EB50796} = {144B66DF-B45E-4216-8073-95405039FF05}
		{C7EA10DB-8C91-448E-9073-6CD30668D791} = {144B66DF-B45E-4216-8073-95405039FF05}
		{C17FB1AC-4CA5-4766-8D46-E01E86ECBBCC} = {144B66DF-B45E-4216-8073-95405039FF05}
		{F53E593A-17CD-4962-88F5-3C8D57991815} = {144B66DF-B45E-4216-8073-95405039FF05}
		{7E086DD6-1B61-4C5F-BC7F-4F576F4812DB} = {144B66DF-B45E-4216-8073-95405039FF05}
		{9DE2FDFD-DC34-4F1A-A764-9DF2B9A8953C} = {144B66DF-B45E-4216-8073-95405039FF05}
	EndGlobalSection
	GlobalSection(ExtensibilityGlobals) = postSolution
		SolutionGuid = {B987D465-D819-4295-9511-D59DE5CB0498}
	EndGlobalSection
EndGlobal
