
Microsoft Visual Studio Solution File, Format Version 12.00
# Visual Studio Version 17
VisualStudioVersion = 17.0.31717.71
MinimumVisualStudioVersion = 10.0.40219.1
Project("{9A19103F-16F7-4668-BE54-9A1E7A4F7556}") = "Playwright.PageObjectModel", "Playwright.PageObjectModel\Playwright.PageObjectModel.csproj", "{E0779916-CAD3-44A7-93AD-ED8283B119A2}"
EndProject
Project("{9A19103F-16F7-4668-BE54-9A1E7A4F7556}") = "Playwright.PageObjectModel.Tests", "Playwright.PageObjectModel.Tests\Playwright.PageObjectModel.Tests.csproj", "{5446C8B3-1E92-4F70-84B8-A1C7EFED1A0B}"
EndProject
Project("{9A19103F-16F7-4668-BE54-9A1E7A4F7556}") = "Playwright.PageObjectModel.MSTestSampleTests", "Playwright.PageObjectModel.MSTestSampleRunTests\Playwright.PageObjectModel.MSTestSampleTests.csproj", "{6FD0749D-693F-42DA-BA07-E901EC0665CF}"
EndProject
Project("{9A19103F-16F7-4668-BE54-9A1E7A4F7556}") = "Playwright.PageObjectModel.NUnitSampleTests", "Playwright.PageObjectModel.NUnitSampleRunTests\Playwright.PageObjectModel.NUnitSampleTests.csproj", "{D44ECD61-4925-43E4-BD5A-FAB8B3426A19}"
EndProject
Project("{FAE04EC0-301F-11D3-BF4B-00C04F79EFBC}") = "Playwright.Synchronization", "Playwright.Synchronization\Playwright.Synchronization.csproj", "{D0B7ACBB-A461-4BAC-B465-38182FD3A278}"
EndProject
Global
	GlobalSection(SolutionConfigurationPlatforms) = preSolution
		Debug|Any CPU = Debug|Any CPU
		Release|Any CPU = Release|Any CPU
	EndGlobalSection
	GlobalSection(ProjectConfigurationPlatforms) = postSolution
		{E0779916-CAD3-44A7-93AD-ED8283B119A2}.Debug|Any CPU.ActiveCfg = Debug|Any CPU
		{E0779916-CAD3-44A7-93AD-ED8283B119A2}.Debug|Any CPU.Build.0 = Debug|Any CPU
		{E0779916-CAD3-44A7-93AD-ED8283B119A2}.Release|Any CPU.ActiveCfg = Release|Any CPU
		{E0779916-CAD3-44A7-93AD-ED8283B119A2}.Release|Any CPU.Build.0 = Release|Any CPU
		{5446C8B3-1E92-4F70-84B8-A1C7EFED1A0B}.Debug|Any CPU.ActiveCfg = Debug|Any CPU
		{5446C8B3-1E92-4F70-84B8-A1C7EFED1A0B}.Debug|Any CPU.Build.0 = Debug|Any CPU
		{5446C8B3-1E92-4F70-84B8-A1C7EFED1A0B}.Release|Any CPU.ActiveCfg = Release|Any CPU
		{5446C8B3-1E92-4F70-84B8-A1C7EFED1A0B}.Release|Any CPU.Build.0 = Release|Any CPU
		{6FD0749D-693F-42DA-BA07-E901EC0665CF}.Debug|Any CPU.ActiveCfg = Debug|Any CPU
		{6FD0749D-693F-42DA-BA07-E901EC0665CF}.Debug|Any CPU.Build.0 = Debug|Any CPU
		{6FD0749D-693F-42DA-BA07-E901EC0665CF}.Release|Any CPU.ActiveCfg = Release|Any CPU
		{6FD0749D-693F-42DA-BA07-E901EC0665CF}.Release|Any CPU.Build.0 = Release|Any CPU
		{D44ECD61-4925-43E4-BD5A-FAB8B3426A19}.Debug|Any CPU.ActiveCfg = Debug|Any CPU
		{D44ECD61-4925-43E4-BD5A-FAB8B3426A19}.Debug|Any CPU.Build.0 = Debug|Any CPU
		{D44ECD61-4925-43E4-BD5A-FAB8B3426A19}.Release|Any CPU.ActiveCfg = Release|Any CPU
		{D44ECD61-4925-43E4-BD5A-FAB8B3426A19}.Release|Any CPU.Build.0 = Release|Any CPU
		{D0B7ACBB-A461-4BAC-B465-38182FD3A278}.Debug|Any CPU.ActiveCfg = Debug|Any CPU
		{D0B7ACBB-A461-4BAC-B465-38182FD3A278}.Debug|Any CPU.Build.0 = Debug|Any CPU
		{D0B7ACBB-A461-4BAC-B465-38182FD3A278}.Release|Any CPU.ActiveCfg = Release|Any CPU
		{D0B7ACBB-A461-4BAC-B465-38182FD3A278}.Release|Any CPU.Build.0 = Release|Any CPU
	EndGlobalSection
	GlobalSection(SolutionProperties) = preSolution
		HideSolutionNode = FALSE
	EndGlobalSection
	GlobalSection(ExtensibilityGlobals) = postSolution
		SolutionGuid = {B987D465-D819-4295-9511-D59DE5CB0498}
	EndGlobalSection
EndGlobal
